
Microsoft Visual Studio Solution File, Format Version 11.00
# Visual Studio 2010
Project("{FAE04EC0-301F-11D3-BF4B-00C04F79EFBC}") = "UnitTests", "UnitTests\UnitTests.csproj", "{8898DDB2-0180-456F-A891-F39F85720954}"
EndProject
Project("{FAE04EC0-301F-11D3-BF4B-00C04F79EFBC}") = "NAverage", "NAverage\NAverage.csproj", "{69B16D7F-8B0A-4DA3-9A80-78A9BDF986D0}"
EndProject
Global
	GlobalSection(SubversionScc) = preSolution
		Svn-Managed = True
		Manager = AnkhSVN - Subversion Support for Visual Studio
	EndGlobalSection
	GlobalSection(TestCaseManagementSettings) = postSolution
		CategoryFile = NAverage1.vsmdi
	EndGlobalSection
	GlobalSection(SolutionConfigurationPlatforms) = preSolution
		Debug|Any CPU = Debug|Any CPU
		Debug|Mixed Platforms = Debug|Mixed Platforms
		Debug|x86 = Debug|x86
		Release|Any CPU = Release|Any CPU
		Release|Mixed Platforms = Release|Mixed Platforms
		Release|x86 = Release|x86
	EndGlobalSection
	GlobalSection(ProjectConfigurationPlatforms) = postSolution
		{8898DDB2-0180-456F-A891-F39F85720954}.Debug|Any CPU.ActiveCfg = Debug|Any CPU
		{8898DDB2-0180-456F-A891-F39F85720954}.Debug|Any CPU.Build.0 = Debug|Any CPU
		{8898DDB2-0180-456F-A891-F39F85720954}.Debug|Mixed Platforms.ActiveCfg = Debug|Any CPU
		{8898DDB2-0180-456F-A891-F39F85720954}.Debug|Mixed Platforms.Build.0 = Debug|Any CPU
		{8898DDB2-0180-456F-A891-F39F85720954}.Debug|x86.ActiveCfg = Debug|Any CPU
		{8898DDB2-0180-456F-A891-F39F85720954}.Release|Any CPU.ActiveCfg = Release|Any CPU
		{8898DDB2-0180-456F-A891-F39F85720954}.Release|Any CPU.Build.0 = Release|Any CPU
		{8898DDB2-0180-456F-A891-F39F85720954}.Release|Mixed Platforms.ActiveCfg = Release|Any CPU
		{8898DDB2-0180-456F-A891-F39F85720954}.Release|Mixed Platforms.Build.0 = Release|Any CPU
		{8898DDB2-0180-456F-A891-F39F85720954}.Release|x86.ActiveCfg = Release|Any CPU
		{69B16D7F-8B0A-4DA3-9A80-78A9BDF986D0}.Debug|Any CPU.ActiveCfg = Debug|Any CPU
		{69B16D7F-8B0A-4DA3-9A80-78A9BDF986D0}.Debug|Any CPU.Build.0 = Debug|Any CPU
		{69B16D7F-8B0A-4DA3-9A80-78A9BDF986D0}.Debug|Mixed Platforms.ActiveCfg = Debug|Any CPU
		{69B16D7F-8B0A-4DA3-9A80-78A9BDF986D0}.Debug|Mixed Platforms.Build.0 = Debug|Any CPU
		{69B16D7F-8B0A-4DA3-9A80-78A9BDF986D0}.Debug|x86.ActiveCfg = Debug|Any CPU
		{69B16D7F-8B0A-4DA3-9A80-78A9BDF986D0}.Release|Any CPU.ActiveCfg = Release|Any CPU
		{69B16D7F-8B0A-4DA3-9A80-78A9BDF986D0}.Release|Any CPU.Build.0 = Release|Any CPU
		{69B16D7F-8B0A-4DA3-9A80-78A9BDF986D0}.Release|Mixed Platforms.ActiveCfg = Release|Any CPU
		{69B16D7F-8B0A-4DA3-9A80-78A9BDF986D0}.Release|Mixed Platforms.Build.0 = Release|Any CPU
		{69B16D7F-8B0A-4DA3-9A80-78A9BDF986D0}.Release|x86.ActiveCfg = Release|Any CPU
	EndGlobalSection
	GlobalSection(SolutionProperties) = preSolution
		HideSolutionNode = FALSE
	EndGlobalSection
EndGlobal
